
Microsoft Visual Studio Solution File, Format Version 12.00
# Visual Studio Version 17
VisualStudioVersion = 17.3.32929.385
MinimumVisualStudioVersion = 10.0.40219.1
Project("{FAE04EC0-301F-11D3-BF4B-00C04F79EFBC}") = "Technical Challenge", "Technical Challenge\Technical Challenge.csproj", "{C281F88A-76B9-4BDE-A82F-14D0D16A80AD}"
EndProject
Global
	GlobalSection(SolutionConfigurationPlatforms) = preSolution
		Debug|Any CPU = Debug|Any CPU
		Release|Any CPU = Release|Any CPU
	EndGlobalSection
	GlobalSection(ProjectConfigurationPlatforms) = postSolution
		{C281F88A-76B9-4BDE-A82F-14D0D16A80AD}.Debug|Any CPU.ActiveCfg = Debug|Any CPU
		{C281F88A-76B9-4BDE-A82F-14D0D16A80AD}.Debug|Any CPU.Build.0 = Debug|Any CPU
		{C281F88A-76B9-4BDE-A82F-14D0D16A80AD}.Release|Any CPU.ActiveCfg = Release|Any CPU
		{C281F88A-76B9-4BDE-A82F-14D0D16A80AD}.Release|Any CPU.Build.0 = Release|Any CPU
	EndGlobalSection
	GlobalSection(SolutionProperties) = preSolution
		HideSolutionNode = FALSE
	EndGlobalSection
	GlobalSection(ExtensibilityGlobals) = postSolution
		SolutionGuid = {29A5412C-271F-41CF-A46C-4827F2C3B95A}
	EndGlobalSection
EndGlobal
